<?xml version="1.0" encoding="utf-8"?>
<Project ToolsVersion="4.0" xmlns="http://schemas.microsoft.com/developer/msbuild/2003">
  <ItemGroup>
    <Filter Include="Source Files">
      <UniqueIdentifier>{4FC737F1-C7A5-4376-A066-2A32D752A2FF}</UniqueIdentifier>
      <Extensions>cpp;c;cc;cxx;def;odl;idl;hpj;bat;asm;asmx</Extensions>
    </Filter>
    <Filter Include="Source Files\Game">
      <UniqueIdentifier>{4acb944a-9e9c-4cf8-a069-ecb63c414da2}</UniqueIdentifier>
    </Filter>
    <Filter Include="Source Files\Network">
      <UniqueIdentifier>{cf97c8f5-b031-445f-81f9-77c6b2c0cdb2}</UniqueIdentifier>
    </Filter>
    <Filter Include="Source Files\Physics">
      <UniqueIdentifier>{4686ccf0-3b9f-4cca-95fc-9d089949ea9b}</UniqueIdentifier>
    </Filter>
    <Filter Include="Source Files\Rendering">
      <UniqueIdentifier>{d5189d58-4266-4a89-8c3f-d4086bf68b65}</UniqueIdentifier>
    </Filter>
    <Filter Include="Source Files\System">
      <UniqueIdentifier>{d282503d-bd59-429c-84d7-4d9c672b96d0}</UniqueIdentifier>
    </Filter>
    <Filter Include="Source Files\Utilities">
      <UniqueIdentifier>{5a9fae17-a85a-49c7-a684-88acb7a6d12a}</UniqueIdentifier>
    </Filter>
  </ItemGroup>
  <ItemGroup>
    <ClCompile Include="main.cpp">
      <Filter>Source Files</Filter>
    </ClCompile>
    <ClCompile Include="input.cpp">
      <Filter>Source Files\System</Filter>
    </ClCompile>
    <ClCompile Include="log.cpp">
      <Filter>Source Files\System</Filter>
    </ClCompile>
    <ClCompile Include="system_info.cpp">
      <Filter>Source Files\System</Filter>
    </ClCompile>
    <ClCompile Include="thread_pool.cpp">
      <Filter>Source Files\System</Filter>
    </ClCompile>
    <ClCompile Include="assets.cpp">
      <Filter>Source Files\Rendering</Filter>
    </ClCompile>
    <ClCompile Include="camera.cpp">
      <Filter>Source Files\Rendering</Filter>
    </ClCompile>
    <ClCompile Include="font.cpp">
      <Filter>Source Files\Rendering</Filter>
    </ClCompile>
    <ClCompile Include="gbuffer.cpp">
      <Filter>Source Files\Rendering</Filter>
    </ClCompile>
    <ClCompile Include="graphics.cpp">
      <Filter>Source Files\Rendering</Filter>
    </ClCompile>
    <ClCompile Include="instanced_model.cpp">
      <Filter>Source Files\Rendering</Filter>
    </ClCompile>
    <ClCompile Include="mesh.cpp">
      <Filter>Source Files\Rendering</Filter>
    </ClCompile>
    <ClCompile Include="model.cpp">
      <Filter>Source Files\Rendering</Filter>
    </ClCompile>
    <ClCompile Include="shader.cpp">
      <Filter>Source Files\Rendering</Filter>
    </ClCompile>
    <ClCompile Include="shapes.cpp">
      <Filter>Source Files\Rendering</Filter>
    </ClCompile>
    <ClCompile Include="texture.cpp">
      <Filter>Source Files\Rendering</Filter>
    </ClCompile>
    <ClCompile Include="transform.cpp">
      <Filter>Source Files\Rendering</Filter>
    </ClCompile>
    <ClCompile Include="aabb.cpp">
      <Filter>Source Files\Physics</Filter>
    </ClCompile>
    <ClCompile Include="collision_solver.cpp">
      <Filter>Source Files\Physics</Filter>
    </ClCompile>
    <ClCompile Include="ray.cpp">
      <Filter>Source Files\Physics</Filter>
    </ClCompile>
    <ClCompile Include="client.cpp">
      <Filter>Source Files\Network</Filter>
    </ClCompile>
    <ClCompile Include="communicator.cpp">
      <Filter>Source Files\Network</Filter>
    </ClCompile>
    <ClCompile Include="message.cpp">
      <Filter>Source Files\Network</Filter>
    </ClCompile>
    <ClCompile Include="network_message.cpp">
      <Filter>Source Files\Network</Filter>
    </ClCompile>
    <ClCompile Include="server.cpp">
      <Filter>Source Files\Network</Filter>
    </ClCompile>
    <ClCompile Include="entity.cpp">
      <Filter>Source Files\Game</Filter>
    </ClCompile>
    <ClCompile Include="prop.cpp">
      <Filter>Source Files\Game</Filter>
    </ClCompile>
    <ClCompile Include="level.cpp">
      <Filter>Source Files\Game</Filter>
    </ClCompile>
    <ClCompile Include="player.cpp">
      <Filter>Source Files\Game</Filter>
    </ClCompile>
    <ClCompile Include="solid.cpp">
      <Filter>Source Files\Game</Filter>
    </ClCompile>
    <ClCompile Include="spawn_point.cpp">
      <Filter>Source Files\Game</Filter>
    </ClCompile>
    <ClCompile Include="asset_pack.cpp">
      <Filter>Source Files\Game</Filter>
    </ClCompile>
  </ItemGroup>
  <ItemGroup>
    <ClInclude Include="array.h">
      <Filter>Source Files\Utilities</Filter>
    </ClInclude>
    <ClInclude Include="common.h">
      <Filter>Source Files\Utilities</Filter>
    </ClInclude>
    <ClInclude Include="core_data.h">
      <Filter>Source Files\Utilities</Filter>
    </ClInclude>
    <ClInclude Include="queue.h">
      <Filter>Source Files\Utilities</Filter>
    </ClInclude>
    <ClInclude Include="swap.h">
      <Filter>Source Files\Utilities</Filter>
    </ClInclude>
    <ClInclude Include="swap_array.h">
      <Filter>Source Files\Utilities</Filter>
    </ClInclude>
    <ClInclude Include="text.h">
      <Filter>Source Files\Utilities</Filter>
    </ClInclude>
    <ClInclude Include="input.h">
      <Filter>Source Files\System</Filter>
    </ClInclude>
    <ClInclude Include="log.h">
      <Filter>Source Files\System</Filter>
    </ClInclude>
    <ClInclude Include="system_info.h">
      <Filter>Source Files\System</Filter>
    </ClInclude>
    <ClInclude Include="thread_data.h">
      <Filter>Source Files\System</Filter>
    </ClInclude>
    <ClInclude Include="thread_pool.h">
      <Filter>Source Files\System</Filter>
    </ClInclude>
    <ClInclude Include="assets.h">
      <Filter>Source Files\Rendering</Filter>
    </ClInclude>
    <ClInclude Include="billboard.h">
      <Filter>Source Files\Rendering</Filter>
    </ClInclude>
    <ClInclude Include="camera.h">
      <Filter>Source Files\Rendering</Filter>
    </ClInclude>
    <ClInclude Include="font.h">
      <Filter>Source Files\Rendering</Filter>
    </ClInclude>
    <ClInclude Include="gbuffer.h">
      <Filter>Source Files\Rendering</Filter>
    </ClInclude>
    <ClInclude Include="graphics.h">
      <Filter>Source Files\Rendering</Filter>
    </ClInclude>
    <ClInclude Include="instanced_model.h">
      <Filter>Source Files\Rendering</Filter>
    </ClInclude>
    <ClInclude Include="mesh.h">
      <Filter>Source Files\Rendering</Filter>
    </ClInclude>
    <ClInclude Include="model.h">
      <Filter>Source Files\Rendering</Filter>
    </ClInclude>
    <ClInclude Include="rendering.h">
      <Filter>Source Files\Rendering</Filter>
    </ClInclude>
    <ClInclude Include="shader.h">
      <Filter>Source Files\Rendering</Filter>
    </ClInclude>
    <ClInclude Include="shapes.h">
      <Filter>Source Files\Rendering</Filter>
    </ClInclude>
    <ClInclude Include="texture.h">
      <Filter>Source Files\Rendering</Filter>
    </ClInclude>
    <ClInclude Include="transform.h">
      <Filter>Source Files\Rendering</Filter>
    </ClInclude>
    <ClInclude Include="vertex.h">
      <Filter>Source Files\Rendering</Filter>
    </ClInclude>
    <ClInclude Include="aabb.h">
      <Filter>Source Files\Physics</Filter>
    </ClInclude>
    <ClInclude Include="collision_solver.h">
      <Filter>Source Files\Physics</Filter>
    </ClInclude>
    <ClInclude Include="ray.h">
      <Filter>Source Files\Physics</Filter>
    </ClInclude>
    <ClInclude Include="client.h">
      <Filter>Source Files\Network</Filter>
    </ClInclude>
    <ClInclude Include="communicator.h">
      <Filter>Source Files\Network</Filter>
    </ClInclude>
    <ClInclude Include="message.h">
      <Filter>Source Files\Network</Filter>
    </ClInclude>
    <ClInclude Include="network.h">
      <Filter>Source Files\Network</Filter>
    </ClInclude>
    <ClInclude Include="network_message.h">
      <Filter>Source Files\Network</Filter>
    </ClInclude>
    <ClInclude Include="server.h">
      <Filter>Source Files\Network</Filter>
    </ClInclude>
    <ClInclude Include="entity.h">
      <Filter>Source Files\Game</Filter>
    </ClInclude>
    <ClInclude Include="prop.h">
      <Filter>Source Files\Game</Filter>
    </ClInclude>
    <ClInclude Include="level.h">
      <Filter>Source Files\Game</Filter>
    </ClInclude>
    <ClInclude Include="player.h">
      <Filter>Source Files\Game</Filter>
    </ClInclude>
    <ClInclude Include="solid.h">
      <Filter>Source Files\Game</Filter>
    </ClInclude>
    <ClInclude Include="spawn_point.h">
      <Filter>Source Files\Game</Filter>
    </ClInclude>
    <ClInclude Include="asset_pack.h">
      <Filter>Source Files\Game</Filter>
    </ClInclude>
  </ItemGroup>
</Project>