
Microsoft Visual Studio Solution File, Format Version 12.00
# Visual Studio 15
VisualStudioVersion = 15.0.28307.271
MinimumVisualStudioVersion = 10.0.40219.1
Project("{8BC9CEB8-8B4A-11D0-8D11-00A0C91BC942}") = "FnuFF", "FnuFF\FnuFF.vcxproj", "{58DC43B2-304D-42F8-A122-6D1D5BD4485B}"
EndProject
Project("{FAE04EC0-301F-11D3-BF4B-00C04F79EFBC}") = "Editor", "Editor\Editor.csproj", "{C406C3BB-83EC-4683-A0AC-7EB3D50C8A72}"
	ProjectSection(ProjectDependencies) = postProject
		{FD9DA442-551F-407E-8C3D-73328A458586} = {FD9DA442-551F-407E-8C3D-73328A458586}
	EndProjectSection
EndProject
Project("{FAE04EC0-301F-11D3-BF4B-00C04F79EFBC}") = "Editor.UnitTests", "Editor.UnitTests\Editor.UnitTests.csproj", "{865A6A29-E05A-44C8-8FAA-E1259D5228E7}"
EndProject
Project("{8BC9CEB8-8B4A-11D0-8D11-00A0C91BC942}") = "Editor.GL", "Editor.GL\Editor.GL.vcxproj", "{FD9DA442-551F-407E-8C3D-73328A458586}"
EndProject
Project("{8BC9CEB8-8B4A-11D0-8D11-00A0C91BC942}") = "AssetPacker", "AssetPacker\AssetPacker.vcxproj", "{76E7D3B3-3094-4F23-8DAD-207F649CD823}"
EndProject
Project("{8BC9CEB8-8B4A-11D0-8D11-00A0C91BC942}") = "Radiosity", "Radiosity\Radiosity.vcxproj", "{9390EE55-D985-4536-B2CE-3FFDB0C037F1}"
EndProject
Global
	GlobalSection(SolutionConfigurationPlatforms) = preSolution
		Debug|Any CPU = Debug|Any CPU
		Debug|x64 = Debug|x64
		Debug|x86 = Debug|x86
		Release|Any CPU = Release|Any CPU
		Release|x64 = Release|x64
		Release|x86 = Release|x86
	EndGlobalSection
	GlobalSection(ProjectConfigurationPlatforms) = postSolution
		{58DC43B2-304D-42F8-A122-6D1D5BD4485B}.Debug|Any CPU.ActiveCfg = Debug|x64
		{58DC43B2-304D-42F8-A122-6D1D5BD4485B}.Debug|x64.ActiveCfg = Debug|x64
		{58DC43B2-304D-42F8-A122-6D1D5BD4485B}.Debug|x64.Build.0 = Debug|x64
		{58DC43B2-304D-42F8-A122-6D1D5BD4485B}.Debug|x86.ActiveCfg = Debug|Win32
		{58DC43B2-304D-42F8-A122-6D1D5BD4485B}.Debug|x86.Build.0 = Debug|Win32
		{58DC43B2-304D-42F8-A122-6D1D5BD4485B}.Release|Any CPU.ActiveCfg = Release|Win32
		{58DC43B2-304D-42F8-A122-6D1D5BD4485B}.Release|x64.ActiveCfg = Release|x64
		{58DC43B2-304D-42F8-A122-6D1D5BD4485B}.Release|x64.Build.0 = Release|x64
		{58DC43B2-304D-42F8-A122-6D1D5BD4485B}.Release|x86.ActiveCfg = Release|Win32
		{58DC43B2-304D-42F8-A122-6D1D5BD4485B}.Release|x86.Build.0 = Release|Win32
		{C406C3BB-83EC-4683-A0AC-7EB3D50C8A72}.Debug|Any CPU.ActiveCfg = Debug|Any CPU
		{C406C3BB-83EC-4683-A0AC-7EB3D50C8A72}.Debug|Any CPU.Build.0 = Debug|Any CPU
		{C406C3BB-83EC-4683-A0AC-7EB3D50C8A72}.Debug|x64.ActiveCfg = Debug|Any CPU
		{C406C3BB-83EC-4683-A0AC-7EB3D50C8A72}.Debug|x64.Build.0 = Debug|Any CPU
		{C406C3BB-83EC-4683-A0AC-7EB3D50C8A72}.Debug|x86.ActiveCfg = Debug|Any CPU
		{C406C3BB-83EC-4683-A0AC-7EB3D50C8A72}.Debug|x86.Build.0 = Debug|Any CPU
		{C406C3BB-83EC-4683-A0AC-7EB3D50C8A72}.Release|Any CPU.ActiveCfg = Release|Any CPU
		{C406C3BB-83EC-4683-A0AC-7EB3D50C8A72}.Release|Any CPU.Build.0 = Release|Any CPU
		{C406C3BB-83EC-4683-A0AC-7EB3D50C8A72}.Release|x64.ActiveCfg = Release|Any CPU
		{C406C3BB-83EC-4683-A0AC-7EB3D50C8A72}.Release|x64.Build.0 = Release|Any CPU
		{C406C3BB-83EC-4683-A0AC-7EB3D50C8A72}.Release|x86.ActiveCfg = Release|Any CPU
		{C406C3BB-83EC-4683-A0AC-7EB3D50C8A72}.Release|x86.Build.0 = Release|Any CPU
		{865A6A29-E05A-44C8-8FAA-E1259D5228E7}.Debug|Any CPU.ActiveCfg = Debug|Any CPU
		{865A6A29-E05A-44C8-8FAA-E1259D5228E7}.Debug|Any CPU.Build.0 = Debug|Any CPU
		{865A6A29-E05A-44C8-8FAA-E1259D5228E7}.Debug|x64.ActiveCfg = Debug|Any CPU
		{865A6A29-E05A-44C8-8FAA-E1259D5228E7}.Debug|x64.Build.0 = Debug|Any CPU
		{865A6A29-E05A-44C8-8FAA-E1259D5228E7}.Debug|x86.ActiveCfg = Debug|Any CPU
		{865A6A29-E05A-44C8-8FAA-E1259D5228E7}.Debug|x86.Build.0 = Debug|Any CPU
		{865A6A29-E05A-44C8-8FAA-E1259D5228E7}.Release|Any CPU.ActiveCfg = Release|Any CPU
		{865A6A29-E05A-44C8-8FAA-E1259D5228E7}.Release|Any CPU.Build.0 = Release|Any CPU
		{865A6A29-E05A-44C8-8FAA-E1259D5228E7}.Release|x64.ActiveCfg = Release|Any CPU
		{865A6A29-E05A-44C8-8FAA-E1259D5228E7}.Release|x64.Build.0 = Release|Any CPU
		{865A6A29-E05A-44C8-8FAA-E1259D5228E7}.Release|x86.ActiveCfg = Release|Any CPU
		{865A6A29-E05A-44C8-8FAA-E1259D5228E7}.Release|x86.Build.0 = Release|Any CPU
		{FD9DA442-551F-407E-8C3D-73328A458586}.Debug|Any CPU.ActiveCfg = Debug|Win32
		{FD9DA442-551F-407E-8C3D-73328A458586}.Debug|x64.ActiveCfg = Debug|Win32
		{FD9DA442-551F-407E-8C3D-73328A458586}.Debug|x64.Build.0 = Debug|Win32
		{FD9DA442-551F-407E-8C3D-73328A458586}.Debug|x86.ActiveCfg = Debug|Win32
		{FD9DA442-551F-407E-8C3D-73328A458586}.Debug|x86.Build.0 = Debug|Win32
		{FD9DA442-551F-407E-8C3D-73328A458586}.Release|Any CPU.ActiveCfg = Release|Win32
		{FD9DA442-551F-407E-8C3D-73328A458586}.Release|x64.ActiveCfg = Release|x64
		{FD9DA442-551F-407E-8C3D-73328A458586}.Release|x64.Build.0 = Release|x64
		{FD9DA442-551F-407E-8C3D-73328A458586}.Release|x86.ActiveCfg = Release|Win32
		{FD9DA442-551F-407E-8C3D-73328A458586}.Release|x86.Build.0 = Release|Win32
		{76E7D3B3-3094-4F23-8DAD-207F649CD823}.Debug|Any CPU.ActiveCfg = Debug|Win32
		{76E7D3B3-3094-4F23-8DAD-207F649CD823}.Debug|x64.ActiveCfg = Debug|x64
		{76E7D3B3-3094-4F23-8DAD-207F649CD823}.Debug|x64.Build.0 = Debug|x64
		{76E7D3B3-3094-4F23-8DAD-207F649CD823}.Debug|x86.ActiveCfg = Debug|Win32
		{76E7D3B3-3094-4F23-8DAD-207F649CD823}.Debug|x86.Build.0 = Debug|Win32
		{76E7D3B3-3094-4F23-8DAD-207F649CD823}.Release|Any CPU.ActiveCfg = Release|Win32
		{76E7D3B3-3094-4F23-8DAD-207F649CD823}.Release|x64.ActiveCfg = Release|x64
		{76E7D3B3-3094-4F23-8DAD-207F649CD823}.Release|x64.Build.0 = Release|x64
		{76E7D3B3-3094-4F23-8DAD-207F649CD823}.Release|x86.ActiveCfg = Release|Win32
		{76E7D3B3-3094-4F23-8DAD-207F649CD823}.Release|x86.Build.0 = Release|Win32
		{9390EE55-D985-4536-B2CE-3FFDB0C037F1}.Debug|Any CPU.ActiveCfg = Debug|Win32
		{9390EE55-D985-4536-B2CE-3FFDB0C037F1}.Debug|x64.ActiveCfg = Debug|x64
		{9390EE55-D985-4536-B2CE-3FFDB0C037F1}.Debug|x64.Build.0 = Debug|x64
		{9390EE55-D985-4536-B2CE-3FFDB0C037F1}.Debug|x86.ActiveCfg = Debug|Win32
		{9390EE55-D985-4536-B2CE-3FFDB0C037F1}.Debug|x86.Build.0 = Debug|Win32
		{9390EE55-D985-4536-B2CE-3FFDB0C037F1}.Release|Any CPU.ActiveCfg = Release|Win32
		{9390EE55-D985-4536-B2CE-3FFDB0C037F1}.Release|x64.ActiveCfg = Release|x64
		{9390EE55-D985-4536-B2CE-3FFDB0C037F1}.Release|x64.Build.0 = Release|x64
		{9390EE55-D985-4536-B2CE-3FFDB0C037F1}.Release|x86.ActiveCfg = Release|Win32
		{9390EE55-D985-4536-B2CE-3FFDB0C037F1}.Release|x86.Build.0 = Release|Win32
	EndGlobalSection
	GlobalSection(SolutionProperties) = preSolution
		HideSolutionNode = FALSE
	EndGlobalSection
	GlobalSection(ExtensibilityGlobals) = postSolution
		SolutionGuid = {37936DCE-E1E8-4FB5-83C2-4BAA33CADE94}
	EndGlobalSection
EndGlobal
