
Microsoft Visual Studio Solution File, Format Version 12.00
# Visual Studio 14
VisualStudioVersion = 14.0.25123.0
MinimumVisualStudioVersion = 10.0.40219.1
Project("{8BC9CEB8-8B4A-11D0-8D11-00A0C91BC942}") = "FnuFF", "FnuFF\FnuFF.vcxproj", "{58DC43B2-304D-42F8-A122-6D1D5BD4485B}"
EndProject
Project("{FAE04EC0-301F-11D3-BF4B-00C04F79EFBC}") = "Editor", "Editor\Editor.csproj", "{C406C3BB-83EC-4683-A0AC-7EB3D50C8A72}"
EndProject
Project("{FAE04EC0-301F-11D3-BF4B-00C04F79EFBC}") = "Editor.UnitTests", "Editor.UnitTests\Editor.UnitTests.csproj", "{865A6A29-E05A-44C8-8FAA-E1259D5228E7}"
EndProject
Global
	GlobalSection(SolutionConfigurationPlatforms) = preSolution
		Debug|Any CPU = Debug|Any CPU
		Debug|x64 = Debug|x64
		Debug|x86 = Debug|x86
		Release|Any CPU = Release|Any CPU
		Release|x64 = Release|x64
		Release|x86 = Release|x86
	EndGlobalSection
	GlobalSection(ProjectConfigurationPlatforms) = postSolution
		{58DC43B2-304D-42F8-A122-6D1D5BD4485B}.Debug|Any CPU.ActiveCfg = Debug|Win32
		{58DC43B2-304D-42F8-A122-6D1D5BD4485B}.Debug|x64.ActiveCfg = Debug|x64
		{58DC43B2-304D-42F8-A122-6D1D5BD4485B}.Debug|x64.Build.0 = Debug|x64
		{58DC43B2-304D-42F8-A122-6D1D5BD4485B}.Debug|x86.ActiveCfg = Debug|Win32
		{58DC43B2-304D-42F8-A122-6D1D5BD4485B}.Debug|x86.Build.0 = Debug|Win32
		{58DC43B2-304D-42F8-A122-6D1D5BD4485B}.Release|Any CPU.ActiveCfg = Release|Win32
		{58DC43B2-304D-42F8-A122-6D1D5BD4485B}.Release|x64.ActiveCfg = Release|x64
		{58DC43B2-304D-42F8-A122-6D1D5BD4485B}.Release|x64.Build.0 = Release|x64
		{58DC43B2-304D-42F8-A122-6D1D5BD4485B}.Release|x86.ActiveCfg = Release|Win32
		{58DC43B2-304D-42F8-A122-6D1D5BD4485B}.Release|x86.Build.0 = Release|Win32
		{C406C3BB-83EC-4683-A0AC-7EB3D50C8A72}.Debug|Any CPU.ActiveCfg = Debug|Any CPU
		{C406C3BB-83EC-4683-A0AC-7EB3D50C8A72}.Debug|Any CPU.Build.0 = Debug|Any CPU
		{C406C3BB-83EC-4683-A0AC-7EB3D50C8A72}.Debug|x64.ActiveCfg = Debug|Any CPU
		{C406C3BB-83EC-4683-A0AC-7EB3D50C8A72}.Debug|x64.Build.0 = Debug|Any CPU
		{C406C3BB-83EC-4683-A0AC-7EB3D50C8A72}.Debug|x86.ActiveCfg = Debug|Any CPU
		{C406C3BB-83EC-4683-A0AC-7EB3D50C8A72}.Debug|x86.Build.0 = Debug|Any CPU
		{C406C3BB-83EC-4683-A0AC-7EB3D50C8A72}.Release|Any CPU.ActiveCfg = Release|Any CPU
		{C406C3BB-83EC-4683-A0AC-7EB3D50C8A72}.Release|Any CPU.Build.0 = Release|Any CPU
		{C406C3BB-83EC-4683-A0AC-7EB3D50C8A72}.Release|x64.ActiveCfg = Release|Any CPU
		{C406C3BB-83EC-4683-A0AC-7EB3D50C8A72}.Release|x64.Build.0 = Release|Any CPU
		{C406C3BB-83EC-4683-A0AC-7EB3D50C8A72}.Release|x86.ActiveCfg = Release|Any CPU
		{C406C3BB-83EC-4683-A0AC-7EB3D50C8A72}.Release|x86.Build.0 = Release|Any CPU
		{865A6A29-E05A-44C8-8FAA-E1259D5228E7}.Debug|Any CPU.ActiveCfg = Debug|Any CPU
		{865A6A29-E05A-44C8-8FAA-E1259D5228E7}.Debug|Any CPU.Build.0 = Debug|Any CPU
		{865A6A29-E05A-44C8-8FAA-E1259D5228E7}.Debug|x64.ActiveCfg = Debug|Any CPU
		{865A6A29-E05A-44C8-8FAA-E1259D5228E7}.Debug|x64.Build.0 = Debug|Any CPU
		{865A6A29-E05A-44C8-8FAA-E1259D5228E7}.Debug|x86.ActiveCfg = Debug|Any CPU
		{865A6A29-E05A-44C8-8FAA-E1259D5228E7}.Debug|x86.Build.0 = Debug|Any CPU
		{865A6A29-E05A-44C8-8FAA-E1259D5228E7}.Release|Any CPU.ActiveCfg = Release|Any CPU
		{865A6A29-E05A-44C8-8FAA-E1259D5228E7}.Release|Any CPU.Build.0 = Release|Any CPU
		{865A6A29-E05A-44C8-8FAA-E1259D5228E7}.Release|x64.ActiveCfg = Release|Any CPU
		{865A6A29-E05A-44C8-8FAA-E1259D5228E7}.Release|x64.Build.0 = Release|Any CPU
		{865A6A29-E05A-44C8-8FAA-E1259D5228E7}.Release|x86.ActiveCfg = Release|Any CPU
		{865A6A29-E05A-44C8-8FAA-E1259D5228E7}.Release|x86.Build.0 = Release|Any CPU
	EndGlobalSection
	GlobalSection(SolutionProperties) = preSolution
		HideSolutionNode = FALSE
	EndGlobalSection
EndGlobal
